{
  "version": "3",
  "packages": {
    "specifiers": {
      "jsr:@chiezo/bddoc@^0.0.5": "jsr:@chiezo/bddoc@0.0.5",
      "jsr:@core/match@^0.3.1": "jsr:@core/match@0.3.1",
      "jsr:@core/unknownutil@3.18.0": "jsr:@core/unknownutil@3.18.0",
      "jsr:@std/assert@^1.0.0": "jsr:@std/assert@1.0.13",
      "jsr:@std/assert@^1.0.12": "jsr:@std/assert@1.0.13",
      "jsr:@std/assert@^1.0.13": "jsr:@std/assert@1.0.13",
      "jsr:@std/async@^1.0.13": "jsr:@std/async@1.0.13",
      "jsr:@std/collections@^1.0.0": "jsr:@std/collections@1.1.1",
      "jsr:@std/data-structures@^1.0.8": "jsr:@std/data-structures@1.0.8",
      "jsr:@std/fs@^1.0.18": "jsr:@std/fs@1.0.18",
      "jsr:@std/internal@^1.0.6": "jsr:@std/internal@1.0.8",
      "jsr:@std/internal@^1.0.7": "jsr:@std/internal@1.0.7",
      "jsr:@std/internal@^1.0.8": "jsr:@std/internal@1.0.8",
      "jsr:@std/path@^1.0.0": "jsr:@std/path@1.1.0",
      "jsr:@std/path@^1.1.0": "jsr:@std/path@1.1.0",
      "jsr:@std/testing@^1.0.0": "jsr:@std/testing@1.0.14",
      "npm:@swc/wasm-web@^1.7.4": "npm:@swc/wasm-web@1.7.36",
      "npm:dedent@^1.5.3": "npm:dedent@1.5.3",
      "npm:ts-toolbelt@9.6.0": "npm:ts-toolbelt@9.6.0"
    },
    "jsr": {
      "@chiezo/bddoc@0.0.5": {
        "integrity": "d7dfab7c6798d457b1ab464e6ffaa1f7bf73702259e0ff0b08895fda862b2481",
        "dependencies": [
          "jsr:@core/match@^0.3.1",
          "jsr:@std/collections@^1.0.0",
          "npm:@swc/wasm-web@^1.7.4",
          "npm:dedent@^1.5.3"
        ]
      },
      "@core/match@0.3.1": {
        "integrity": "020bb0199f56877daf270a457bfeee19daa8c721819d36dc987c2a9df7cca4fd",
        "dependencies": [
          "jsr:@core/unknownutil@3.18.0",
          "npm:ts-toolbelt@9.6.0"
        ]
      },
      "@core/unknownutil@3.18.0": {
        "integrity": "bff7ab4a2f554bbade301127519523b0d3baa4273ecbed51287133ac00a48738"
      },
      "@std/assert@1.0.13": {
        "integrity": "ae0d31e41919b12c656c742b22522c32fb26ed0cba32975cb0de2a273cb68b29",
        "dependencies": [
          "jsr:@std/internal@^1.0.6"
        ]
      },
      "@std/async@1.0.13": {
        "integrity": "1d76ca5d324aef249908f7f7fe0d39aaf53198e5420604a59ab5c035adc97c96"
      },
      "@std/collections@1.0.10": {
        "integrity": "903af106a3d92970d74e20f7ebff77d9658af9bef4403f1dc42a7801c0575899"
      },
      "@std/collections@1.0.11": {
        "integrity": "2f62cf9587484b1fff364f6c3e1f83478eea53dbb6faed6ffeda92ddb6b172f0"
      },
      "@std/collections@1.0.8": {
        "integrity": "de76692f9121838711b1d2fb5042619c074db26905a87b58cff56cfe1bd6d6d0"
      },
      "@std/collections@1.0.9": {
        "integrity": "4f58104ead08a04a2199374247f07befe50ba01d9cca8cbb23ab9a0419921e71"
      },
      "@std/collections@1.1.0": {
        "integrity": "2ee8761c84c3d203f7a4ecd376f9ca88a0c559817a4a54c9150f28c0b948027c"
      },
      "@std/collections@1.1.1": {
        "integrity": "eff6443fbd9d5a6697018fb39c5d13d5f662f0045f21392d640693d0008ab2af"
      },
      "@std/data-structures@1.0.8": {
        "integrity": "2fb7219247e044c8fcd51341788547575653c82ae2c759ff209e0263ba7d9b66"
      },
      "@std/fs@1.0.18": {
        "integrity": "24bcad99eab1af4fde75e05da6e9ed0e0dce5edb71b7e34baacf86ffe3969f3a",
        "dependencies": [
          "jsr:@std/path@^1.1.0"
        ]
      },
      "@std/internal@1.0.6": {
        "integrity": "9533b128f230f73bd209408bb07a4b12f8d4255ab2a4d22a1fd6d87304aca9a4"
      },
      "@std/internal@1.0.7": {
        "integrity": "39eeb5265190a7bc5d5591c9ff019490bd1f2c3907c044a11b0d545796158a0f"
      },
      "@std/internal@1.0.8": {
        "integrity": "fc66e846d8d38a47cffd274d80d2ca3f0de71040f855783724bb6b87f60891f5"
      },
      "@std/path@1.0.7": {
        "integrity": "76a689e07f0e15dcc6002ec39d0866797e7156629212b28f27179b8a5c3b33a1"
      },
      "@std/path@1.1.0": {
        "integrity": "ddc94f8e3c275627281cbc23341df6b8bcc874d70374f75fec2533521e3d6886"
      },
      "@std/testing@1.0.14": {
        "integrity": "144b3737105b9071cb50c957681f58a1b8ec0f3e5b19ad830f401c5fa931e8f0",
        "dependencies": [
          "jsr:@std/assert@^1.0.13",
          "jsr:@std/async@^1.0.13",
          "jsr:@std/data-structures@^1.0.8",
          "jsr:@std/fs@^1.0.18",
          "jsr:@std/internal@^1.0.8",
          "jsr:@std/path@^1.1.0"
        ]
      }
    },
    "npm": {
      "@swc/wasm-web@1.7.36": {
        "integrity": "sha512-isQTYyZGkWhYpx1X9Wz9XwtvdQMsOceJRUKkNLtfdWBzUcyZiGO6StDF+LOJTPcY6pNXS+7LywgtMgYNO1ZZKQ==",
        "dependencies": {}
      },
      "dedent@1.5.3": {
        "integrity": "sha512-NHQtfOOW68WD8lgypbLA5oT+Bt0xXJhiYvoR6SmmNXZfpzOGXwdKWmcwG8N7PwVVWV3eF/68nmD9BaJSsTBhyQ==",
        "dependencies": {}
      },
      "ts-toolbelt@9.6.0": {
        "integrity": "sha512-nsZd8ZeNUzukXPlJmTBwUAuABDe/9qtVDelJeT/qW0ow3ZS3BsQJtNkan1802aM9Uf68/Y8ljw86Hu0h5IUW3w==",
        "dependencies": {}
      }
    }
  },
  "remote": {},
  "workspace": {
    "dependencies": [
      "jsr:@chiezo/bddoc@^0.0.5",
      "jsr:@std/assert@^1.0.0",
      "jsr:@std/collections@^1.0.0",
      "jsr:@std/path@^1.0.0",
      "jsr:@std/testing@^1.0.0"
    ]
  }
}
