{
  "version": "3",
  "packages": {
    "specifiers": {
      "jsr:@chiezo/bddoc@^0.0.4": "jsr:@chiezo/bddoc@0.0.4",
      "jsr:@core/match@^0.3.1": "jsr:@core/match@0.3.1",
      "jsr:@core/unknownutil@3.18.0": "jsr:@core/unknownutil@3.18.0",
      "jsr:@std/assert@1.0.0-rc.2": "jsr:@std/assert@1.0.0-rc.2",
      "jsr:@std/assert@^1.0.0": "jsr:@std/assert@1.0.1",
      "jsr:@std/collections@^0.224.2": "jsr:@std/collections@0.224.2",
      "jsr:@std/collections@^1.0.0": "jsr:@std/collections@1.0.5",
      "jsr:@std/internal@^1.0.0": "jsr:@std/internal@1.0.1",
      "jsr:@std/internal@^1.0.1": "jsr:@std/internal@1.0.1",
      "jsr:@std/path@^1.0.0": "jsr:@std/path@1.0.2",
      "jsr:@std/testing@^0.225.0": "jsr:@std/testing@0.225.3",
      "npm:@swc/core@^1.5.24": "npm:@swc/core@1.6.5",
      "npm:@swc/types@^0.1.7": "npm:@swc/types@0.1.9",
      "npm:dedent@^1.5.3": "npm:dedent@1.5.3",
      "npm:ts-toolbelt@9.6.0": "npm:ts-toolbelt@9.6.0"
    },
    "jsr": {
      "@chiezo/bddoc@0.0.4": {
        "integrity": "dc6014f0788626096493f28a0031b9d5cb76a1798e35b44286d0dee0c88191a9",
        "dependencies": [
          "jsr:@core/match@^0.3.1",
          "jsr:@std/collections@^0.224.2",
          "npm:@swc/core@^1.5.24",
          "npm:@swc/types@^0.1.7",
          "npm:dedent@^1.5.3"
        ]
      },
      "@core/match@0.3.1": {
        "integrity": "020bb0199f56877daf270a457bfeee19daa8c721819d36dc987c2a9df7cca4fd",
        "dependencies": [
          "jsr:@core/unknownutil@3.18.0",
          "npm:ts-toolbelt@9.6.0"
        ]
      },
      "@core/unknownutil@3.18.0": {
        "integrity": "bff7ab4a2f554bbade301127519523b0d3baa4273ecbed51287133ac00a48738"
      },
      "@std/assert@1.0.0-rc.2": {
        "integrity": "0484eab1d76b55fca1c3beaff485a274e67dd3b9f065edcbe70030dfc0b964d3",
        "dependencies": [
          "jsr:@std/internal@^1.0.0"
        ]
      },
      "@std/assert@1.0.1": {
        "integrity": "13590ef8e5854f59e4ad252fd987e83239a1bf1f16cb9c69c1d123ebb807a75b",
        "dependencies": [
          "jsr:@std/internal@^1.0.1"
        ]
      },
      "@std/collections@0.224.2": {
        "integrity": "e77819455294e92d4e7ddad1dbfd46f94174c09318e541e6621fac4a4d0ab326"
      },
      "@std/collections@1.0.5": {
        "integrity": "ab9eac23b57a0c0b89ba45134e61561f69f3d001f37235a248ed40be260c0c10"
      },
      "@std/internal@1.0.1": {
        "integrity": "6f8c7544d06a11dd256c8d6ba54b11ed870aac6c5aeafff499892662c57673e6"
      },
      "@std/path@1.0.2": {
        "integrity": "a452174603f8c620bd278a380c596437a9eef50c891c64b85812f735245d9ec7"
      },
      "@std/testing@0.225.3": {
        "integrity": "348c24d0479d44ab3dbb4f26170f242e19f24051b45935d4a9e7ca0ab7e37780",
        "dependencies": [
          "jsr:@std/assert@1.0.0-rc.2"
        ]
      }
    },
    "npm": {
      "@swc/core-darwin-arm64@1.6.5": {
        "integrity": "sha512-RGQhMdni2v1/ANQ/2K+F+QYdzaucekYBewZcX1ogqJ8G5sbPaBdYdDN1qQ4kHLCIkPtGP6qC7c71qPEqL2RidQ==",
        "dependencies": {}
      },
      "@swc/core-darwin-x64@1.6.5": {
        "integrity": "sha512-/pSN0/Jtcbbb9+ovS9rKxR3qertpFAM3OEJr/+Dh/8yy7jK5G5EFPIrfsw/7Q5987ERPIJIH6BspK2CBB2tgcg==",
        "dependencies": {}
      },
      "@swc/core-linux-arm-gnueabihf@1.6.5": {
        "integrity": "sha512-B0g/dROCE747RRegs/jPHuKJgwXLracDhnqQa80kFdgWEMjlcb7OMCgs5OX86yJGRS4qcYbiMGD0Pp7Kbqn3yw==",
        "dependencies": {}
      },
      "@swc/core-linux-arm64-gnu@1.6.5": {
        "integrity": "sha512-W8meapgXTq8AOtSvDG4yKR8ant2WWD++yOjgzAleB5VAC+oC+aa8YJROGxj8HepurU8kurqzcialwoMeq5SZZQ==",
        "dependencies": {}
      },
      "@swc/core-linux-arm64-musl@1.6.5": {
        "integrity": "sha512-jyCKqoX50Fg8rJUQqh4u5PqnE7nqYKXHjVH2WcYr114/MU21zlsI+YL6aOQU1XP8bJQ2gPQ1rnlnGJdEHiKS/w==",
        "dependencies": {}
      },
      "@swc/core-linux-x64-gnu@1.6.5": {
        "integrity": "sha512-G6HmUn/RRIlXC0YYFfBz2qh6OZkHS/KUPkhoG4X9ADcgWXXjOFh6JrefwsYj8VBAJEnr5iewzjNfj+nztwHaeA==",
        "dependencies": {}
      },
      "@swc/core-linux-x64-musl@1.6.5": {
        "integrity": "sha512-AQpBjBnelQDSbeTJA50AXdS6+CP66LsXIMNTwhPSgUfE7Bx1ggZV11Fsi4Q5SGcs6a8Qw1cuYKN57ZfZC5QOuA==",
        "dependencies": {}
      },
      "@swc/core-win32-arm64-msvc@1.6.5": {
        "integrity": "sha512-MZTWM8kUwS30pVrtbzSGEXtek46aXNb/mT9D6rsS7NvOuv2w+qZhjR1rzf4LNbbn5f8VnR4Nac1WIOYZmfC5ng==",
        "dependencies": {}
      },
      "@swc/core-win32-ia32-msvc@1.6.5": {
        "integrity": "sha512-WZdu4gISAr3yOm1fVwKhhk6+MrP7kVX0KMP7+ZQFTN5zXQEiDSDunEJKVgjMVj3vlR+6mnAqa/L0V9Qa8+zKlQ==",
        "dependencies": {}
      },
      "@swc/core-win32-x64-msvc@1.6.5": {
        "integrity": "sha512-ezXgucnMTzlFIxQZw7ls/5r2hseFaRoDL04cuXUOs97E8r+nJSmFsRQm/ygH5jBeXNo59nyZCalrjJAjwfgACA==",
        "dependencies": {}
      },
      "@swc/core@1.6.5": {
        "integrity": "sha512-tyVvUK/HDOUUsK6/GmWvnqUtD9oDpPUA4f7f7JCOV8hXxtfjMtAZeBKf93yrB1XZet69TDR7EN0hFC6i4MF0Ig==",
        "dependencies": {
          "@swc/core-darwin-arm64": "@swc/core-darwin-arm64@1.6.5",
          "@swc/core-darwin-x64": "@swc/core-darwin-x64@1.6.5",
          "@swc/core-linux-arm-gnueabihf": "@swc/core-linux-arm-gnueabihf@1.6.5",
          "@swc/core-linux-arm64-gnu": "@swc/core-linux-arm64-gnu@1.6.5",
          "@swc/core-linux-arm64-musl": "@swc/core-linux-arm64-musl@1.6.5",
          "@swc/core-linux-x64-gnu": "@swc/core-linux-x64-gnu@1.6.5",
          "@swc/core-linux-x64-musl": "@swc/core-linux-x64-musl@1.6.5",
          "@swc/core-win32-arm64-msvc": "@swc/core-win32-arm64-msvc@1.6.5",
          "@swc/core-win32-ia32-msvc": "@swc/core-win32-ia32-msvc@1.6.5",
          "@swc/core-win32-x64-msvc": "@swc/core-win32-x64-msvc@1.6.5",
          "@swc/counter": "@swc/counter@0.1.3",
          "@swc/types": "@swc/types@0.1.9"
        }
      },
      "@swc/counter@0.1.3": {
        "integrity": "sha512-e2BR4lsJkkRlKZ/qCHPw9ZaSxc0MVUd7gtbtaB7aMvHeJVYe8sOB8DBZkP2DtISHGSku9sCK6T6cnY0CtXrOCQ==",
        "dependencies": {}
      },
      "@swc/types@0.1.9": {
        "integrity": "sha512-qKnCno++jzcJ4lM4NTfYifm1EFSCeIfKiAHAfkENZAV5Kl9PjJIyd2yeeVv6c/2CckuLyv2NmRC5pv6pm2WQBg==",
        "dependencies": {
          "@swc/counter": "@swc/counter@0.1.3"
        }
      },
      "dedent@1.5.3": {
        "integrity": "sha512-NHQtfOOW68WD8lgypbLA5oT+Bt0xXJhiYvoR6SmmNXZfpzOGXwdKWmcwG8N7PwVVWV3eF/68nmD9BaJSsTBhyQ==",
        "dependencies": {}
      },
      "ts-toolbelt@9.6.0": {
        "integrity": "sha512-nsZd8ZeNUzukXPlJmTBwUAuABDe/9qtVDelJeT/qW0ow3ZS3BsQJtNkan1802aM9Uf68/Y8ljw86Hu0h5IUW3w==",
        "dependencies": {}
      }
    }
  },
  "remote": {},
  "workspace": {
    "dependencies": [
      "jsr:@chiezo/bddoc@^0.0.4",
      "jsr:@molt/cli@^0.19.0-rc.9",
      "jsr:@std/assert@^1.0.0",
      "jsr:@std/collections@^1.0.0",
      "jsr:@std/path@^1.0.0",
      "jsr:@std/testing@^0.225.0"
    ]
  }
}
