{
  "version": "3",
  "packages": {
    "specifiers": {
      "jsr:@chiezo/bddoc@^0.0.5": "jsr:@chiezo/bddoc@0.0.5",
      "jsr:@core/match@^0.3.1": "jsr:@core/match@0.3.1",
      "jsr:@core/unknownutil@3.18.0": "jsr:@core/unknownutil@3.18.0",
      "jsr:@std/assert@^1.0.0": "jsr:@std/assert@1.0.6",
      "jsr:@std/assert@^1.0.6": "jsr:@std/assert@1.0.6",
      "jsr:@std/async@^1.0.5": "jsr:@std/async@1.0.6",
      "jsr:@std/collections@^1.0.0": "jsr:@std/collections@1.0.9",
      "jsr:@std/data-structures@^1.0.4": "jsr:@std/data-structures@1.0.4",
      "jsr:@std/fs@^1.0.4": "jsr:@std/fs@1.0.4",
      "jsr:@std/internal@^1.0.4": "jsr:@std/internal@1.0.4",
      "jsr:@std/path@^1.0.0": "jsr:@std/path@1.0.6",
      "jsr:@std/path@^1.0.6": "jsr:@std/path@1.0.6",
      "jsr:@std/testing@^1.0.0": "jsr:@std/testing@1.0.3",
      "npm:@swc/wasm-web@^1.7.4": "npm:@swc/wasm-web@1.7.36",
      "npm:dedent@^1.5.3": "npm:dedent@1.5.3",
      "npm:ts-toolbelt@9.6.0": "npm:ts-toolbelt@9.6.0"
    },
    "jsr": {
      "@chiezo/bddoc@0.0.5": {
        "integrity": "d7dfab7c6798d457b1ab464e6ffaa1f7bf73702259e0ff0b08895fda862b2481",
        "dependencies": [
          "jsr:@core/match@^0.3.1",
          "jsr:@std/collections@^1.0.0",
          "npm:@swc/wasm-web@^1.7.4",
          "npm:dedent@^1.5.3"
        ]
      },
      "@core/match@0.3.1": {
        "integrity": "020bb0199f56877daf270a457bfeee19daa8c721819d36dc987c2a9df7cca4fd",
        "dependencies": [
          "jsr:@core/unknownutil@3.18.0",
          "npm:ts-toolbelt@9.6.0"
        ]
      },
      "@core/unknownutil@3.18.0": {
        "integrity": "bff7ab4a2f554bbade301127519523b0d3baa4273ecbed51287133ac00a48738"
      },
      "@std/assert@1.0.6": {
        "integrity": "1904c05806a25d94fe791d6d883b685c9e2dcd60e4f9fc30f4fc5cf010c72207",
        "dependencies": [
          "jsr:@std/internal@^1.0.4"
        ]
      },
      "@std/async@1.0.6": {
        "integrity": "6d262156dd35c4a72ee1a2f8679be40264f370cfb92e2e13d4eca2ae05e16f34"
      },
      "@std/collections@1.0.8": {
        "integrity": "de76692f9121838711b1d2fb5042619c074db26905a87b58cff56cfe1bd6d6d0"
      },
      "@std/collections@1.0.9": {
        "integrity": "4f58104ead08a04a2199374247f07befe50ba01d9cca8cbb23ab9a0419921e71"
      },
      "@std/data-structures@1.0.4": {
        "integrity": "fa0e20c11eb9ba673417450915c750a0001405a784e2a4e0c3725031681684a0"
      },
      "@std/fs@1.0.4": {
        "integrity": "2907d32d8d1d9e540588fd5fe0ec21ee638134bd51df327ad4e443aaef07123c",
        "dependencies": [
          "jsr:@std/path@^1.0.6"
        ]
      },
      "@std/internal@1.0.4": {
        "integrity": "62e8e4911527e5e4f307741a795c0b0a9e6958d0b3790716ae71ce085f755422"
      },
      "@std/path@1.0.6": {
        "integrity": "ab2c55f902b380cf28e0eec501b4906e4c1960d13f00e11cfbcd21de15f18fed"
      },
      "@std/path@1.0.7": {
        "integrity": "76a689e07f0e15dcc6002ec39d0866797e7156629212b28f27179b8a5c3b33a1"
      },
      "@std/testing@1.0.3": {
        "integrity": "f98c2bee53860a5916727d7e7d3abe920dd6f9edace022e2d059f00d05c2cf42",
        "dependencies": [
          "jsr:@std/assert@^1.0.6",
          "jsr:@std/async@^1.0.5",
          "jsr:@std/data-structures@^1.0.4",
          "jsr:@std/fs@^1.0.4",
          "jsr:@std/internal@^1.0.4",
          "jsr:@std/path@^1.0.6"
        ]
      }
    },
    "npm": {
      "@swc/wasm-web@1.7.36": {
        "integrity": "sha512-isQTYyZGkWhYpx1X9Wz9XwtvdQMsOceJRUKkNLtfdWBzUcyZiGO6StDF+LOJTPcY6pNXS+7LywgtMgYNO1ZZKQ==",
        "dependencies": {}
      },
      "dedent@1.5.3": {
        "integrity": "sha512-NHQtfOOW68WD8lgypbLA5oT+Bt0xXJhiYvoR6SmmNXZfpzOGXwdKWmcwG8N7PwVVWV3eF/68nmD9BaJSsTBhyQ==",
        "dependencies": {}
      },
      "ts-toolbelt@9.6.0": {
        "integrity": "sha512-nsZd8ZeNUzukXPlJmTBwUAuABDe/9qtVDelJeT/qW0ow3ZS3BsQJtNkan1802aM9Uf68/Y8ljw86Hu0h5IUW3w==",
        "dependencies": {}
      }
    }
  },
  "remote": {},
  "workspace": {
    "dependencies": [
      "jsr:@chiezo/bddoc@^0.0.5",
      "jsr:@std/assert@^1.0.0",
      "jsr:@std/collections@^1.0.0",
      "jsr:@std/path@^1.0.0",
      "jsr:@std/testing@^1.0.0"
    ]
  }
}
